
Microsoft Visual Studio Solution File, Format Version 12.00
# Visual Studio 15
VisualStudioVersion = 15.0.27428.2043
MinimumVisualStudioVersion = 10.0.40219.1
Project("{FAE04EC0-301F-11D3-BF4B-00C04F79EFBC}") = "AppProyectoAdsi", "AppProyectoAdsi\AppProyectoAdsi.csproj", "{C10DB50E-01AA-4B2A-BBE7-6F0E3D3058E7}"
EndProject
Global
	GlobalSection(SolutionConfigurationPlatforms) = preSolution
		Debug|Any CPU = Debug|Any CPU
		Release|Any CPU = Release|Any CPU
	EndGlobalSection
	GlobalSection(ProjectConfigurationPlatforms) = postSolution
		{C10DB50E-01AA-4B2A-BBE7-6F0E3D3058E7}.Debug|Any CPU.ActiveCfg = Debug|Any CPU
		{C10DB50E-01AA-4B2A-BBE7-6F0E3D3058E7}.Debug|Any CPU.Build.0 = Debug|Any CPU
		{C10DB50E-01AA-4B2A-BBE7-6F0E3D3058E7}.Release|Any CPU.ActiveCfg = Release|Any CPU
		{C10DB50E-01AA-4B2A-BBE7-6F0E3D3058E7}.Release|Any CPU.Build.0 = Release|Any CPU
	EndGlobalSection
	GlobalSection(SolutionProperties) = preSolution
		HideSolutionNode = FALSE
	EndGlobalSection
	GlobalSection(ExtensibilityGlobals) = postSolution
		SolutionGuid = {12886AAE-9486-4FB0-8A98-3705AC2E807E}
	EndGlobalSection
EndGlobal
